
Microsoft Visual Studio Solution File, Format Version 12.00
# Visual Studio Version 17
VisualStudioVersion = 17.0.31903.59
MinimumVisualStudioVersion = 10.0.40219.1
Project("{FAE04EC0-301F-11D3-BF4B-00C04F79EFBC}") = "CrossmintChallenge.Host", "CrossmintChallenge.Host\CrossmintChallenge.Host.csproj", "{89C74F49-FDC5-466C-BCE8-C9B159A9472C}"
EndProject
Global
	GlobalSection(SolutionConfigurationPlatforms) = preSolution
		Debug|Any CPU = Debug|Any CPU
		Release|Any CPU = Release|Any CPU
	EndGlobalSection
	GlobalSection(SolutionProperties) = preSolution
		HideSolutionNode = FALSE
	EndGlobalSection
	GlobalSection(ProjectConfigurationPlatforms) = postSolution
		{89C74F49-FDC5-466C-BCE8-C9B159A9472C}.Debug|Any CPU.ActiveCfg = Debug|Any CPU
		{89C74F49-FDC5-466C-BCE8-C9B159A9472C}.Debug|Any CPU.Build.0 = Debug|Any CPU
		{89C74F49-FDC5-466C-BCE8-C9B159A9472C}.Release|Any CPU.ActiveCfg = Release|Any CPU
		{89C74F49-FDC5-466C-BCE8-C9B159A9472C}.Release|Any CPU.Build.0 = Release|Any CPU
	EndGlobalSection
EndGlobal
